// !$*UTF8*$!
{
	archiveVersion = 1;
	classes = {
	};
	objectVersion = 56;
	objects = {

/* Begin PBXBuildFile section */
		B1163F0B291EDBE000418A6B /* DetailViewModel.swift in Sources */ = {isa = PBXBuildFile; fileRef = B1163F0A291EDBE000418A6B /* DetailViewModel.swift */; };
		B1163F0D291EE30700418A6B /* SF-Pro-Text-Regular.otf in Resources */ = {isa = PBXBuildFile; fileRef = B1163F0C291EE30700418A6B /* SF-Pro-Text-Regular.otf */; };
		B1163F10291EE65400418A6B /* NowPlayingCollectionViewCell.swift in Sources */ = {isa = PBXBuildFile; fileRef = B1163F0E291EE65400418A6B /* NowPlayingCollectionViewCell.swift */; };
		B1163F11291EE65400418A6B /* NowPlayingCollectionViewCell.xib in Resources */ = {isa = PBXBuildFile; fileRef = B1163F0F291EE65400418A6B /* NowPlayingCollectionViewCell.xib */; };
		B1C72DF4291E5B93007033A7 /* UIViewController+Extensions.swift in Sources */ = {isa = PBXBuildFile; fileRef = B1C72DF3291E5B93007033A7 /* UIViewController+Extensions.swift */; };
		B1C72DF9291E6A54007033A7 /* SF-Pro-Text-Bold.otf in Resources */ = {isa = PBXBuildFile; fileRef = B1C72DF7291E6A54007033A7 /* SF-Pro-Text-Bold.otf */; };
		B1C72DFA291E6A54007033A7 /* SF-Pro-Text-Medium.otf in Resources */ = {isa = PBXBuildFile; fileRef = B1C72DF8291E6A54007033A7 /* SF-Pro-Text-Medium.otf */; };
		B1C72DFD291E9387007033A7 /* DetailViewController.swift in Sources */ = {isa = PBXBuildFile; fileRef = B1C72DFB291E9387007033A7 /* DetailViewController.swift */; };
		B1C72DFE291E9387007033A7 /* DetailView.xib in Resources */ = {isa = PBXBuildFile; fileRef = B1C72DFC291E9387007033A7 /* DetailView.xib */; };
		B1D61A6A291E29E900524124 /* AppDelegate.swift in Sources */ = {isa = PBXBuildFile; fileRef = B1D61A69291E29E900524124 /* AppDelegate.swift */; };
		B1D61A6C291E29E900524124 /* SceneDelegate.swift in Sources */ = {isa = PBXBuildFile; fileRef = B1D61A6B291E29E900524124 /* SceneDelegate.swift */; };
		B1D61A73291E29EA00524124 /* Assets.xcassets in Resources */ = {isa = PBXBuildFile; fileRef = B1D61A72291E29EA00524124 /* Assets.xcassets */; };
		B1D61A76291E29EA00524124 /* LaunchScreen.storyboard in Resources */ = {isa = PBXBuildFile; fileRef = B1D61A74291E29EA00524124 /* LaunchScreen.storyboard */; };
		B1F848FA291E339B0088DF1F /* MainViewController.swift in Sources */ = {isa = PBXBuildFile; fileRef = B1F848F8291E339B0088DF1F /* MainViewController.swift */; };
		B1F848FB291E339B0088DF1F /* MainView.xib in Resources */ = {isa = PBXBuildFile; fileRef = B1F848F9291E339B0088DF1F /* MainView.xib */; };
		B1F84902291E35480088DF1F /* MovieListEndpoints.swift in Sources */ = {isa = PBXBuildFile; fileRef = B1F84901291E35480088DF1F /* MovieListEndpoints.swift */; };
		B1F84905291E358A0088DF1F /* ServiceEndpointsProtocol.swift in Sources */ = {isa = PBXBuildFile; fileRef = B1F84904291E358A0088DF1F /* ServiceEndpointsProtocol.swift */; };
		B1F84907291E38930088DF1F /* ServiceManager.swift in Sources */ = {isa = PBXBuildFile; fileRef = B1F84906291E38930088DF1F /* ServiceManager.swift */; };
		B1F84909291E39B50088DF1F /* MovieService.swift in Sources */ = {isa = PBXBuildFile; fileRef = B1F84908291E39B50088DF1F /* MovieService.swift */; };
		B1F8490B291E3A150088DF1F /* Movie.swift in Sources */ = {isa = PBXBuildFile; fileRef = B1F8490A291E3A150088DF1F /* Movie.swift */; };
		B1F8490D291E41700088DF1F /* MainViewModel.swift in Sources */ = {isa = PBXBuildFile; fileRef = B1F8490C291E41700088DF1F /* MainViewModel.swift */; };
		B1F84911291E47370088DF1F /* UpcomingsTableViewCell.swift in Sources */ = {isa = PBXBuildFile; fileRef = B1F8490F291E47370088DF1F /* UpcomingsTableViewCell.swift */; };
		B1F84912291E47370088DF1F /* UpcomingsTableViewCell.xib in Resources */ = {isa = PBXBuildFile; fileRef = B1F84910291E47370088DF1F /* UpcomingsTableViewCell.xib */; };
		B1F84917291E55FB0088DF1F /* CellIDs.swift in Sources */ = {isa = PBXBuildFile; fileRef = B1F84916291E55FB0088DF1F /* CellIDs.swift */; };
		FFC10603221A43C5EBA864C0 /* Pods_MovieList.framework in Frameworks */ = {isa = PBXBuildFile; fileRef = 88BFB93A59466974708E290D /* Pods_MovieList.framework */; };
/* End PBXBuildFile section */

/* Begin PBXFileReference section */
		0ACF5CCF7263CABC1CF43CDD /* Pods-MovieList.debug.xcconfig */ = {isa = PBXFileReference; includeInIndex = 1; lastKnownFileType = text.xcconfig; name = "Pods-MovieList.debug.xcconfig"; path = "Target Support Files/Pods-MovieList/Pods-MovieList.debug.xcconfig"; sourceTree = "<group>"; };
		0CE27E4B2C4D6EE1D52F67ED /* Pods-MovieList.release.xcconfig */ = {isa = PBXFileReference; includeInIndex = 1; lastKnownFileType = text.xcconfig; name = "Pods-MovieList.release.xcconfig"; path = "Target Support Files/Pods-MovieList/Pods-MovieList.release.xcconfig"; sourceTree = "<group>"; };
		88BFB93A59466974708E290D /* Pods_MovieList.framework */ = {isa = PBXFileReference; explicitFileType = wrapper.framework; includeInIndex = 0; path = Pods_MovieList.framework; sourceTree = BUILT_PRODUCTS_DIR; };
		B1163F0A291EDBE000418A6B /* DetailViewModel.swift */ = {isa = PBXFileReference; lastKnownFileType = sourcecode.swift; path = DetailViewModel.swift; sourceTree = "<group>"; };
		B1163F0C291EE30700418A6B /* SF-Pro-Text-Regular.otf */ = {isa = PBXFileReference; lastKnownFileType = file; path = "SF-Pro-Text-Regular.otf"; sourceTree = "<group>"; };
		B1163F0E291EE65400418A6B /* NowPlayingCollectionViewCell.swift */ = {isa = PBXFileReference; lastKnownFileType = sourcecode.swift; path = NowPlayingCollectionViewCell.swift; sourceTree = "<group>"; };
		B1163F0F291EE65400418A6B /* NowPlayingCollectionViewCell.xib */ = {isa = PBXFileReference; lastKnownFileType = file.xib; path = NowPlayingCollectionViewCell.xib; sourceTree = "<group>"; };
		B1C72DF3291E5B93007033A7 /* UIViewController+Extensions.swift */ = {isa = PBXFileReference; lastKnownFileType = sourcecode.swift; path = "UIViewController+Extensions.swift"; sourceTree = "<group>"; };
		B1C72DF7291E6A54007033A7 /* SF-Pro-Text-Bold.otf */ = {isa = PBXFileReference; lastKnownFileType = file; path = "SF-Pro-Text-Bold.otf"; sourceTree = "<group>"; };
		B1C72DF8291E6A54007033A7 /* SF-Pro-Text-Medium.otf */ = {isa = PBXFileReference; lastKnownFileType = file; path = "SF-Pro-Text-Medium.otf"; sourceTree = "<group>"; };
		B1C72DFB291E9387007033A7 /* DetailViewController.swift */ = {isa = PBXFileReference; lastKnownFileType = sourcecode.swift; path = DetailViewController.swift; sourceTree = "<group>"; };
		B1C72DFC291E9387007033A7 /* DetailView.xib */ = {isa = PBXFileReference; lastKnownFileType = file.xib; path = DetailView.xib; sourceTree = "<group>"; };
		B1D61A66291E29E900524124 /* MovieList.app */ = {isa = PBXFileReference; explicitFileType = wrapper.application; includeInIndex = 0; path = MovieList.app; sourceTree = BUILT_PRODUCTS_DIR; };
		B1D61A69291E29E900524124 /* AppDelegate.swift */ = {isa = PBXFileReference; lastKnownFileType = sourcecode.swift; path = AppDelegate.swift; sourceTree = "<group>"; };
		B1D61A6B291E29E900524124 /* SceneDelegate.swift */ = {isa = PBXFileReference; lastKnownFileType = sourcecode.swift; path = SceneDelegate.swift; sourceTree = "<group>"; };
		B1D61A72291E29EA00524124 /* Assets.xcassets */ = {isa = PBXFileReference; lastKnownFileType = folder.assetcatalog; path = Assets.xcassets; sourceTree = "<group>"; };
		B1D61A75291E29EA00524124 /* Base */ = {isa = PBXFileReference; lastKnownFileType = file.storyboard; name = Base; path = Base.lproj/LaunchScreen.storyboard; sourceTree = "<group>"; };
		B1D61A77291E29EA00524124 /* Info.plist */ = {isa = PBXFileReference; lastKnownFileType = text.plist.xml; path = Info.plist; sourceTree = "<group>"; };
		B1F848F8291E339B0088DF1F /* MainViewController.swift */ = {isa = PBXFileReference; lastKnownFileType = sourcecode.swift; path = MainViewController.swift; sourceTree = "<group>"; };
		B1F848F9291E339B0088DF1F /* MainView.xib */ = {isa = PBXFileReference; lastKnownFileType = file.xib; path = MainView.xib; sourceTree = "<group>"; };
		B1F84901291E35480088DF1F /* MovieListEndpoints.swift */ = {isa = PBXFileReference; lastKnownFileType = sourcecode.swift; path = MovieListEndpoints.swift; sourceTree = "<group>"; };
		B1F84904291E358A0088DF1F /* ServiceEndpointsProtocol.swift */ = {isa = PBXFileReference; lastKnownFileType = sourcecode.swift; path = ServiceEndpointsProtocol.swift; sourceTree = "<group>"; };
		B1F84906291E38930088DF1F /* ServiceManager.swift */ = {isa = PBXFileReference; lastKnownFileType = sourcecode.swift; path = ServiceManager.swift; sourceTree = "<group>"; };
		B1F84908291E39B50088DF1F /* MovieService.swift */ = {isa = PBXFileReference; lastKnownFileType = sourcecode.swift; path = MovieService.swift; sourceTree = "<group>"; };
		B1F8490A291E3A150088DF1F /* Movie.swift */ = {isa = PBXFileReference; lastKnownFileType = sourcecode.swift; path = Movie.swift; sourceTree = "<group>"; };
		B1F8490C291E41700088DF1F /* MainViewModel.swift */ = {isa = PBXFileReference; lastKnownFileType = sourcecode.swift; path = MainViewModel.swift; sourceTree = "<group>"; };
		B1F8490F291E47370088DF1F /* UpcomingsTableViewCell.swift */ = {isa = PBXFileReference; lastKnownFileType = sourcecode.swift; path = UpcomingsTableViewCell.swift; sourceTree = "<group>"; };
		B1F84910291E47370088DF1F /* UpcomingsTableViewCell.xib */ = {isa = PBXFileReference; lastKnownFileType = file.xib; path = UpcomingsTableViewCell.xib; sourceTree = "<group>"; };
		B1F84916291E55FB0088DF1F /* CellIDs.swift */ = {isa = PBXFileReference; lastKnownFileType = sourcecode.swift; path = CellIDs.swift; sourceTree = "<group>"; };
/* End PBXFileReference section */

/* Begin PBXFrameworksBuildPhase section */
		B1D61A63291E29E900524124 /* Frameworks */ = {
			isa = PBXFrameworksBuildPhase;
			buildActionMask = 2147483647;
			files = (
				FFC10603221A43C5EBA864C0 /* Pods_MovieList.framework in Frameworks */,
			);
			runOnlyForDeploymentPostprocessing = 0;
		};
/* End PBXFrameworksBuildPhase section */

/* Begin PBXGroup section */
		1E65BC142AC818338E9F9852 /* Frameworks */ = {
			isa = PBXGroup;
			children = (
				88BFB93A59466974708E290D /* Pods_MovieList.framework */,
			);
			name = Frameworks;
			sourceTree = "<group>";
		};
		5CF68D9959C25044AE2BB777 /* Pods */ = {
			isa = PBXGroup;
			children = (
				0ACF5CCF7263CABC1CF43CDD /* Pods-MovieList.debug.xcconfig */,
				0CE27E4B2C4D6EE1D52F67ED /* Pods-MovieList.release.xcconfig */,
			);
			path = Pods;
			sourceTree = "<group>";
		};
		B1C72DF1291E5B68007033A7 /* Utilities */ = {
			isa = PBXGroup;
			children = (
				B1C72DF2291E5B73007033A7 /* Extensions */,
			);
			path = Utilities;
			sourceTree = "<group>";
		};
		B1C72DF2291E5B73007033A7 /* Extensions */ = {
			isa = PBXGroup;
			children = (
				B1C72DF3291E5B93007033A7 /* UIViewController+Extensions.swift */,
			);
			path = Extensions;
			sourceTree = "<group>";
		};
		B1C72DF5291E67D1007033A7 /* Assests */ = {
			isa = PBXGroup;
			children = (
				B1D61A72291E29EA00524124 /* Assets.xcassets */,
			);
			path = Assests;
			sourceTree = "<group>";
		};
		B1C72DF6291E67DD007033A7 /* Fonts */ = {
			isa = PBXGroup;
			children = (
				B1C72DF7291E6A54007033A7 /* SF-Pro-Text-Bold.otf */,
				B1C72DF8291E6A54007033A7 /* SF-Pro-Text-Medium.otf */,
				B1163F0C291EE30700418A6B /* SF-Pro-Text-Regular.otf */,
			);
			path = Fonts;
			sourceTree = "<group>";
		};
		B1D61A5D291E29E900524124 = {
			isa = PBXGroup;
			children = (
				B1D61A68291E29E900524124 /* MovieList */,
				B1D61A67291E29E900524124 /* Products */,
				5CF68D9959C25044AE2BB777 /* Pods */,
				1E65BC142AC818338E9F9852 /* Frameworks */,
			);
			sourceTree = "<group>";
		};
		B1D61A67291E29E900524124 /* Products */ = {
			isa = PBXGroup;
			children = (
				B1D61A66291E29E900524124 /* MovieList.app */,
			);
			name = Products;
			sourceTree = "<group>";
		};
		B1D61A68291E29E900524124 /* MovieList */ = {
			isa = PBXGroup;
			children = (
				B1F848F1291E30950088DF1F /* App */,
				B1F848F4291E30D50088DF1F /* Configuration */,
				B1F848F2291E309D0088DF1F /* Resources */,
				B1F84903291E35700088DF1F /* Protocols */,
				B1C72DF1291E5B68007033A7 /* Utilities */,
				B1F848FC291E34BA0088DF1F /* Entity */,
				B1F848F3291E30AC0088DF1F /* Network */,
				B1F848F0291E308E0088DF1F /* Scenes */,
			);
			path = MovieList;
			sourceTree = "<group>";
		};
		B1F848F0291E308E0088DF1F /* Scenes */ = {
			isa = PBXGroup;
			children = (
				B1F848F6291E32900088DF1F /* Main */,
				B1F848F7291E32940088DF1F /* Detail */,
				B1F848F5291E32860088DF1F /* Launch */,
			);
			path = Scenes;
			sourceTree = "<group>";
		};
		B1F848F1291E30950088DF1F /* App */ = {
			isa = PBXGroup;
			children = (
				B1D61A6B291E29E900524124 /* SceneDelegate.swift */,
				B1D61A69291E29E900524124 /* AppDelegate.swift */,
			);
			path = App;
			sourceTree = "<group>";
		};
		B1F848F2291E309D0088DF1F /* Resources */ = {
			isa = PBXGroup;
			children = (
				B1C72DF6291E67DD007033A7 /* Fonts */,
				B1C72DF5291E67D1007033A7 /* Assests */,
			);
			path = Resources;
			sourceTree = "<group>";
		};
		B1F848F3291E30AC0088DF1F /* Network */ = {
			isa = PBXGroup;
			children = (
				B1F84900291E350D0088DF1F /* ServiceEndpoints */,
				B1F848FF291E35090088DF1F /* Manager */,
				B1F848FE291E35040088DF1F /* Service */,
			);
			path = Network;
			sourceTree = "<group>";
		};
		B1F848F4291E30D50088DF1F /* Configuration */ = {
			isa = PBXGroup;
			children = (
				B1D61A77291E29EA00524124 /* Info.plist */,
			);
			path = Configuration;
			sourceTree = "<group>";
		};
		B1F848F5291E32860088DF1F /* Launch */ = {
			isa = PBXGroup;
			children = (
				B1D61A74291E29EA00524124 /* LaunchScreen.storyboard */,
			);
			path = Launch;
			sourceTree = "<group>";
		};
		B1F848F6291E32900088DF1F /* Main */ = {
			isa = PBXGroup;
			children = (
				B1F8490E291E47110088DF1F /* Cells */,
				B1F848F9291E339B0088DF1F /* MainView.xib */,
				B1F8490C291E41700088DF1F /* MainViewModel.swift */,
				B1F848F8291E339B0088DF1F /* MainViewController.swift */,
			);
			path = Main;
			sourceTree = "<group>";
		};
		B1F848F7291E32940088DF1F /* Detail */ = {
			isa = PBXGroup;
			children = (
				B1C72DFC291E9387007033A7 /* DetailView.xib */,
				B1163F0A291EDBE000418A6B /* DetailViewModel.swift */,
				B1C72DFB291E9387007033A7 /* DetailViewController.swift */,
			);
			path = Detail;
			sourceTree = "<group>";
		};
		B1F848FC291E34BA0088DF1F /* Entity */ = {
			isa = PBXGroup;
			children = (
				B1F848FD291E34CE0088DF1F /* Model */,
				B1F84915291E551C0088DF1F /* Enum */,
			);
			path = Entity;
			sourceTree = "<group>";
		};
		B1F848FD291E34CE0088DF1F /* Model */ = {
			isa = PBXGroup;
			children = (
				B1F8490A291E3A150088DF1F /* Movie.swift */,
			);
			path = Model;
			sourceTree = "<group>";
		};
		B1F848FE291E35040088DF1F /* Service */ = {
			isa = PBXGroup;
			children = (
				B1F84908291E39B50088DF1F /* MovieService.swift */,
			);
			path = Service;
			sourceTree = "<group>";
		};
		B1F848FF291E35090088DF1F /* Manager */ = {
			isa = PBXGroup;
			children = (
				B1F84906291E38930088DF1F /* ServiceManager.swift */,
			);
			path = Manager;
			sourceTree = "<group>";
		};
		B1F84900291E350D0088DF1F /* ServiceEndpoints */ = {
			isa = PBXGroup;
			children = (
				B1F84901291E35480088DF1F /* MovieListEndpoints.swift */,
			);
			path = ServiceEndpoints;
			sourceTree = "<group>";
		};
		B1F84903291E35700088DF1F /* Protocols */ = {
			isa = PBXGroup;
			children = (
				B1F84904291E358A0088DF1F /* ServiceEndpointsProtocol.swift */,
			);
			path = Protocols;
			sourceTree = "<group>";
		};
		B1F8490E291E47110088DF1F /* Cells */ = {
			isa = PBXGroup;
			children = (
				B1F84914291E47700088DF1F /* CollectionViewCells */,
				B1F84913291E47510088DF1F /* TableViewCells */,
			);
			path = Cells;
			sourceTree = "<group>";
		};
		B1F84913291E47510088DF1F /* TableViewCells */ = {
			isa = PBXGroup;
			children = (
				B1F8490F291E47370088DF1F /* UpcomingsTableViewCell.swift */,
				B1F84910291E47370088DF1F /* UpcomingsTableViewCell.xib */,
			);
			path = TableViewCells;
			sourceTree = "<group>";
		};
		B1F84914291E47700088DF1F /* CollectionViewCells */ = {
			isa = PBXGroup;
			children = (
				B1163F0E291EE65400418A6B /* NowPlayingCollectionViewCell.swift */,
				B1163F0F291EE65400418A6B /* NowPlayingCollectionViewCell.xib */,
			);
			path = CollectionViewCells;
			sourceTree = "<group>";
		};
		B1F84915291E551C0088DF1F /* Enum */ = {
			isa = PBXGroup;
			children = (
				B1F84916291E55FB0088DF1F /* CellIDs.swift */,
			);
			path = Enum;
			sourceTree = "<group>";
		};
/* End PBXGroup section */

/* Begin PBXNativeTarget section */
		B1D61A65291E29E900524124 /* MovieList */ = {
			isa = PBXNativeTarget;
			buildConfigurationList = B1D61A7A291E29EA00524124 /* Build configuration list for PBXNativeTarget "MovieList" */;
			buildPhases = (
				1E579E5F133B1E518AB7B57D /* [CP] Check Pods Manifest.lock */,
				B1D61A62291E29E900524124 /* Sources */,
				B1F848EF291E2C2E0088DF1F /* ShellScript */,
				B1D61A63291E29E900524124 /* Frameworks */,
				B1D61A64291E29E900524124 /* Resources */,
				B7B8224F4984BA41438D07E8 /* [CP] Embed Pods Frameworks */,
			);
			buildRules = (
			);
			dependencies = (
			);
			name = MovieList;
			productName = MovieList;
			productReference = B1D61A66291E29E900524124 /* MovieList.app */;
			productType = "com.apple.product-type.application";
		};
/* End PBXNativeTarget section */

/* Begin PBXProject section */
		B1D61A5E291E29E900524124 /* Project object */ = {
			isa = PBXProject;
			attributes = {
				BuildIndependentTargetsInParallel = 1;
				LastSwiftUpdateCheck = 1410;
				LastUpgradeCheck = 1410;
				TargetAttributes = {
					B1D61A65291E29E900524124 = {
						CreatedOnToolsVersion = 14.1;
					};
				};
			};
			buildConfigurationList = B1D61A61291E29E900524124 /* Build configuration list for PBXProject "MovieList" */;
			compatibilityVersion = "Xcode 14.0";
			developmentRegion = en;
			hasScannedForEncodings = 0;
			knownRegions = (
				en,
				Base,
			);
			mainGroup = B1D61A5D291E29E900524124;
			productRefGroup = B1D61A67291E29E900524124 /* Products */;
			projectDirPath = "";
			projectRoot = "";
			targets = (
				B1D61A65291E29E900524124 /* MovieList */,
			);
		};
/* End PBXProject section */

/* Begin PBXResourcesBuildPhase section */
		B1D61A64291E29E900524124 /* Resources */ = {
			isa = PBXResourcesBuildPhase;
			buildActionMask = 2147483647;
			files = (
				B1D61A76291E29EA00524124 /* LaunchScreen.storyboard in Resources */,
				B1C72DF9291E6A54007033A7 /* SF-Pro-Text-Bold.otf in Resources */,
				B1C72DFE291E9387007033A7 /* DetailView.xib in Resources */,
				B1C72DFA291E6A54007033A7 /* SF-Pro-Text-Medium.otf in Resources */,
				B1F848FB291E339B0088DF1F /* MainView.xib in Resources */,
				B1D61A73291E29EA00524124 /* Assets.xcassets in Resources */,
				B1163F0D291EE30700418A6B /* SF-Pro-Text-Regular.otf in Resources */,
				B1F84912291E47370088DF1F /* UpcomingsTableViewCell.xib in Resources */,
				B1163F11291EE65400418A6B /* NowPlayingCollectionViewCell.xib in Resources */,
			);
			runOnlyForDeploymentPostprocessing = 0;
		};
/* End PBXResourcesBuildPhase section */

/* Begin PBXShellScriptBuildPhase section */
		1E579E5F133B1E518AB7B57D /* [CP] Check Pods Manifest.lock */ = {
			isa = PBXShellScriptBuildPhase;
			buildActionMask = 2147483647;
			files = (
			);
			inputFileListPaths = (
			);
			inputPaths = (
				"${PODS_PODFILE_DIR_PATH}/Podfile.lock",
				"${PODS_ROOT}/Manifest.lock",
			);
			name = "[CP] Check Pods Manifest.lock";
			outputFileListPaths = (
			);
			outputPaths = (
				"$(DERIVED_FILE_DIR)/Pods-MovieList-checkManifestLockResult.txt",
			);
			runOnlyForDeploymentPostprocessing = 0;
			shellPath = /bin/sh;
			shellScript = "diff \"${PODS_PODFILE_DIR_PATH}/Podfile.lock\" \"${PODS_ROOT}/Manifest.lock\" > /dev/null\nif [ $? != 0 ] ; then\n    # print error to STDERR\n    echo \"error: The sandbox is not in sync with the Podfile.lock. Run 'pod install' or update your CocoaPods installation.\" >&2\n    exit 1\nfi\n# This output is used by Xcode 'outputs' to avoid re-running this script phase.\necho \"SUCCESS\" > \"${SCRIPT_OUTPUT_FILE_0}\"\n";
			showEnvVarsInLog = 0;
		};
		B1F848EF291E2C2E0088DF1F /* ShellScript */ = {
			isa = PBXShellScriptBuildPhase;
			alwaysOutOfDate = 1;
			buildActionMask = 2147483647;
			files = (
			);
			inputFileListPaths = (
			);
			inputPaths = (
			);
			outputFileListPaths = (
			);
			outputPaths = (
			);
			runOnlyForDeploymentPostprocessing = 0;
			shellPath = /bin/sh;
			shellScript = "export PATH=\"$PATH:/opt/homebrew/bin\"\nif which swiftlint > /dev/null; then\n  swiftlint\nelse\n  echo \"warning: SwiftLint not installed, download from https://github.com/realm/SwiftLint\"\nfi\n";
		};
		B7B8224F4984BA41438D07E8 /* [CP] Embed Pods Frameworks */ = {
			isa = PBXShellScriptBuildPhase;
			buildActionMask = 2147483647;
			files = (
			);
			inputFileListPaths = (
				"${PODS_ROOT}/Target Support Files/Pods-MovieList/Pods-MovieList-frameworks-${CONFIGURATION}-input-files.xcfilelist",
			);
			name = "[CP] Embed Pods Frameworks";
			outputFileListPaths = (
				"${PODS_ROOT}/Target Support Files/Pods-MovieList/Pods-MovieList-frameworks-${CONFIGURATION}-output-files.xcfilelist",
			);
			runOnlyForDeploymentPostprocessing = 0;
			shellPath = /bin/sh;
			shellScript = "\"${PODS_ROOT}/Target Support Files/Pods-MovieList/Pods-MovieList-frameworks.sh\"\n";
			showEnvVarsInLog = 0;
		};
/* End PBXShellScriptBuildPhase section */

/* Begin PBXSourcesBuildPhase section */
		B1D61A62291E29E900524124 /* Sources */ = {
			isa = PBXSourcesBuildPhase;
			buildActionMask = 2147483647;
			files = (
				B1C72DFD291E9387007033A7 /* DetailViewController.swift in Sources */,
				B1F848FA291E339B0088DF1F /* MainViewController.swift in Sources */,
				B1D61A6A291E29E900524124 /* AppDelegate.swift in Sources */,
				B1D61A6C291E29E900524124 /* SceneDelegate.swift in Sources */,
				B1F84905291E358A0088DF1F /* ServiceEndpointsProtocol.swift in Sources */,
				B1163F10291EE65400418A6B /* NowPlayingCollectionViewCell.swift in Sources */,
				B1C72DF4291E5B93007033A7 /* UIViewController+Extensions.swift in Sources */,
				B1F84902291E35480088DF1F /* MovieListEndpoints.swift in Sources */,
				B1F84907291E38930088DF1F /* ServiceManager.swift in Sources */,
				B1F84917291E55FB0088DF1F /* CellIDs.swift in Sources */,
				B1163F0B291EDBE000418A6B /* DetailViewModel.swift in Sources */,
				B1F8490B291E3A150088DF1F /* Movie.swift in Sources */,
				B1F84909291E39B50088DF1F /* MovieService.swift in Sources */,
				B1F8490D291E41700088DF1F /* MainViewModel.swift in Sources */,
				B1F84911291E47370088DF1F /* UpcomingsTableViewCell.swift in Sources */,
			);
			runOnlyForDeploymentPostprocessing = 0;
		};
/* End PBXSourcesBuildPhase section */

/* Begin PBXVariantGroup section */
		B1D61A74291E29EA00524124 /* LaunchScreen.storyboard */ = {
			isa = PBXVariantGroup;
			children = (
				B1D61A75291E29EA00524124 /* Base */,
			);
			name = LaunchScreen.storyboard;
			sourceTree = "<group>";
		};
/* End PBXVariantGroup section */

/* Begin XCBuildConfiguration section */
		B1D61A78291E29EA00524124 /* Debug */ = {
			isa = XCBuildConfiguration;
			buildSettings = {
				ALWAYS_SEARCH_USER_PATHS = NO;
				CLANG_ANALYZER_NONNULL = YES;
				CLANG_ANALYZER_NUMBER_OBJECT_CONVERSION = YES_AGGRESSIVE;
				CLANG_CXX_LANGUAGE_STANDARD = "gnu++20";
				CLANG_ENABLE_MODULES = YES;
				CLANG_ENABLE_OBJC_ARC = YES;
				CLANG_ENABLE_OBJC_WEAK = YES;
				CLANG_WARN_BLOCK_CAPTURE_AUTORELEASING = YES;
				CLANG_WARN_BOOL_CONVERSION = YES;
				CLANG_WARN_COMMA = YES;
				CLANG_WARN_CONSTANT_CONVERSION = YES;
				CLANG_WARN_DEPRECATED_OBJC_IMPLEMENTATIONS = YES;
				CLANG_WARN_DIRECT_OBJC_ISA_USAGE = YES_ERROR;
				CLANG_WARN_DOCUMENTATION_COMMENTS = YES;
				CLANG_WARN_EMPTY_BODY = YES;
				CLANG_WARN_ENUM_CONVERSION = YES;
				CLANG_WARN_INFINITE_RECURSION = YES;
				CLANG_WARN_INT_CONVERSION = YES;
				CLANG_WARN_NON_LITERAL_NULL_CONVERSION = YES;
				CLANG_WARN_OBJC_IMPLICIT_RETAIN_SELF = YES;
				CLANG_WARN_OBJC_LITERAL_CONVERSION = YES;
				CLANG_WARN_OBJC_ROOT_CLASS = YES_ERROR;
				CLANG_WARN_QUOTED_INCLUDE_IN_FRAMEWORK_HEADER = YES;
				CLANG_WARN_RANGE_LOOP_ANALYSIS = YES;
				CLANG_WARN_STRICT_PROTOTYPES = YES;
				CLANG_WARN_SUSPICIOUS_MOVE = YES;
				CLANG_WARN_UNGUARDED_AVAILABILITY = YES_AGGRESSIVE;
				CLANG_WARN_UNREACHABLE_CODE = YES;
				CLANG_WARN__DUPLICATE_METHOD_MATCH = YES;
				COPY_PHASE_STRIP = NO;
				DEBUG_INFORMATION_FORMAT = dwarf;
				ENABLE_STRICT_OBJC_MSGSEND = YES;
				ENABLE_TESTABILITY = YES;
				GCC_C_LANGUAGE_STANDARD = gnu11;
				GCC_DYNAMIC_NO_PIC = NO;
				GCC_NO_COMMON_BLOCKS = YES;
				GCC_OPTIMIZATION_LEVEL = 0;
				GCC_PREPROCESSOR_DEFINITIONS = (
					"DEBUG=1",
					"$(inherited)",
				);
				GCC_WARN_64_TO_32_BIT_CONVERSION = YES;
				GCC_WARN_ABOUT_RETURN_TYPE = YES_ERROR;
				GCC_WARN_UNDECLARED_SELECTOR = YES;
				GCC_WARN_UNINITIALIZED_AUTOS = YES_AGGRESSIVE;
				GCC_WARN_UNUSED_FUNCTION = YES;
				GCC_WARN_UNUSED_VARIABLE = YES;
				IPHONEOS_DEPLOYMENT_TARGET = 16.1;
				MTL_ENABLE_DEBUG_INFO = INCLUDE_SOURCE;
				MTL_FAST_MATH = YES;
				ONLY_ACTIVE_ARCH = YES;
				SDKROOT = iphoneos;
				SWIFT_ACTIVE_COMPILATION_CONDITIONS = DEBUG;
				SWIFT_OPTIMIZATION_LEVEL = "-Onone";
			};
			name = Debug;
		};
		B1D61A79291E29EA00524124 /* Release */ = {
			isa = XCBuildConfiguration;
			buildSettings = {
				ALWAYS_SEARCH_USER_PATHS = NO;
				CLANG_ANALYZER_NONNULL = YES;
				CLANG_ANALYZER_NUMBER_OBJECT_CONVERSION = YES_AGGRESSIVE;
				CLANG_CXX_LANGUAGE_STANDARD = "gnu++20";
				CLANG_ENABLE_MODULES = YES;
				CLANG_ENABLE_OBJC_ARC = YES;
				CLANG_ENABLE_OBJC_WEAK = YES;
				CLANG_WARN_BLOCK_CAPTURE_AUTORELEASING = YES;
				CLANG_WARN_BOOL_CONVERSION = YES;
				CLANG_WARN_COMMA = YES;
				CLANG_WARN_CONSTANT_CONVERSION = YES;
				CLANG_WARN_DEPRECATED_OBJC_IMPLEMENTATIONS = YES;
				CLANG_WARN_DIRECT_OBJC_ISA_USAGE = YES_ERROR;
				CLANG_WARN_DOCUMENTATION_COMMENTS = YES;
				CLANG_WARN_EMPTY_BODY = YES;
				CLANG_WARN_ENUM_CONVERSION = YES;
				CLANG_WARN_INFINITE_RECURSION = YES;
				CLANG_WARN_INT_CONVERSION = YES;
				CLANG_WARN_NON_LITERAL_NULL_CONVERSION = YES;
				CLANG_WARN_OBJC_IMPLICIT_RETAIN_SELF = YES;
				CLANG_WARN_OBJC_LITERAL_CONVERSION = YES;
				CLANG_WARN_OBJC_ROOT_CLASS = YES_ERROR;
				CLANG_WARN_QUOTED_INCLUDE_IN_FRAMEWORK_HEADER = YES;
				CLANG_WARN_RANGE_LOOP_ANALYSIS = YES;
				CLANG_WARN_STRICT_PROTOTYPES = YES;
				CLANG_WARN_SUSPICIOUS_MOVE = YES;
				CLANG_WARN_UNGUARDED_AVAILABILITY = YES_AGGRESSIVE;
				CLANG_WARN_UNREACHABLE_CODE = YES;
				CLANG_WARN__DUPLICATE_METHOD_MATCH = YES;
				COPY_PHASE_STRIP = NO;
				DEBUG_INFORMATION_FORMAT = "dwarf-with-dsym";
				ENABLE_NS_ASSERTIONS = NO;
				ENABLE_STRICT_OBJC_MSGSEND = YES;
				GCC_C_LANGUAGE_STANDARD = gnu11;
				GCC_NO_COMMON_BLOCKS = YES;
				GCC_WARN_64_TO_32_BIT_CONVERSION = YES;
				GCC_WARN_ABOUT_RETURN_TYPE = YES_ERROR;
				GCC_WARN_UNDECLARED_SELECTOR = YES;
				GCC_WARN_UNINITIALIZED_AUTOS = YES_AGGRESSIVE;
				GCC_WARN_UNUSED_FUNCTION = YES;
				GCC_WARN_UNUSED_VARIABLE = YES;
				IPHONEOS_DEPLOYMENT_TARGET = 16.1;
				MTL_ENABLE_DEBUG_INFO = NO;
				MTL_FAST_MATH = YES;
				SDKROOT = iphoneos;
				SWIFT_COMPILATION_MODE = wholemodule;
				SWIFT_OPTIMIZATION_LEVEL = "-O";
				VALIDATE_PRODUCT = YES;
			};
			name = Release;
		};
		B1D61A7B291E29EA00524124 /* Debug */ = {
			isa = XCBuildConfiguration;
			baseConfigurationReference = 0ACF5CCF7263CABC1CF43CDD /* Pods-MovieList.debug.xcconfig */;
			buildSettings = {
				ASSETCATALOG_COMPILER_APPICON_NAME = AppIcon;
				ASSETCATALOG_COMPILER_GLOBAL_ACCENT_COLOR_NAME = AccentColor;
				CODE_SIGN_STYLE = Automatic;
				CURRENT_PROJECT_VERSION = 1;
				DEVELOPMENT_TEAM = QQ4V82589Y;
				GENERATE_INFOPLIST_FILE = YES;
				INFOPLIST_FILE = MovieList/Configuration/Info.plist;
				INFOPLIST_KEY_UIApplicationSupportsIndirectInputEvents = YES;
				INFOPLIST_KEY_UILaunchStoryboardName = LaunchScreen;
				INFOPLIST_KEY_UIStatusBarHidden = NO;
				INFOPLIST_KEY_UIStatusBarStyle = "";
				INFOPLIST_KEY_UISupportedInterfaceOrientations = UIInterfaceOrientationPortrait;
				INFOPLIST_KEY_UISupportedInterfaceOrientations_iPad = "UIInterfaceOrientationLandscapeLeft UIInterfaceOrientationLandscapeRight UIInterfaceOrientationPortrait UIInterfaceOrientationPortraitUpsideDown";
				IPHONEOS_DEPLOYMENT_TARGET = 13.0;
				LD_RUNPATH_SEARCH_PATHS = (
					"$(inherited)",
					"@executable_path/Frameworks",
				);
				MARKETING_VERSION = 1.0.0;
				PRODUCT_BUNDLE_IDENTIFIER = com.berkaysancar.MovieList;
				PRODUCT_NAME = "$(TARGET_NAME)";
				SUPPORTED_PLATFORMS = "iphoneos iphonesimulator";
				SUPPORTS_MACCATALYST = NO;
				SUPPORTS_MAC_DESIGNED_FOR_IPHONE_IPAD = NO;
				SWIFT_EMIT_LOC_STRINGS = YES;
				SWIFT_VERSION = 5.0;
				TARGETED_DEVICE_FAMILY = 1;
			};
			name = Debug;
		};
		B1D61A7C291E29EA00524124 /* Release */ = {
			isa = XCBuildConfiguration;
			baseConfigurationReference = 0CE27E4B2C4D6EE1D52F67ED /* Pods-MovieList.release.xcconfig */;
			buildSettings = {
				ASSETCATALOG_COMPILER_APPICON_NAME = AppIcon;
				ASSETCATALOG_COMPILER_GLOBAL_ACCENT_COLOR_NAME = AccentColor;
				CODE_SIGN_STYLE = Automatic;
				CURRENT_PROJECT_VERSION = 1;
				DEVELOPMENT_TEAM = QQ4V82589Y;
				GENERATE_INFOPLIST_FILE = YES;
				INFOPLIST_FILE = MovieList/Configuration/Info.plist;
				INFOPLIST_KEY_UIApplicationSupportsIndirectInputEvents = YES;
				INFOPLIST_KEY_UILaunchStoryboardName = LaunchScreen;
				INFOPLIST_KEY_UIStatusBarHidden = NO;
				INFOPLIST_KEY_UIStatusBarStyle = "";
				INFOPLIST_KEY_UISupportedInterfaceOrientations = UIInterfaceOrientationPortrait;
				INFOPLIST_KEY_UISupportedInterfaceOrientations_iPad = "UIInterfaceOrientationLandscapeLeft UIInterfaceOrientationLandscapeRight UIInterfaceOrientationPortrait UIInterfaceOrientationPortraitUpsideDown";
				IPHONEOS_DEPLOYMENT_TARGET = 13.0;
				LD_RUNPATH_SEARCH_PATHS = (
					"$(inherited)",
					"@executable_path/Frameworks",
				);
				MARKETING_VERSION = 1.0.0;
				PRODUCT_BUNDLE_IDENTIFIER = com.berkaysancar.MovieList;
				PRODUCT_NAME = "$(TARGET_NAME)";
				SUPPORTED_PLATFORMS = "iphoneos iphonesimulator";
				SUPPORTS_MACCATALYST = NO;
				SUPPORTS_MAC_DESIGNED_FOR_IPHONE_IPAD = NO;
				SWIFT_EMIT_LOC_STRINGS = YES;
				SWIFT_VERSION = 5.0;
				TARGETED_DEVICE_FAMILY = 1;
			};
			name = Release;
		};
/* End XCBuildConfiguration section */

/* Begin XCConfigurationList section */
		B1D61A61291E29E900524124 /* Build configuration list for PBXProject "MovieList" */ = {
			isa = XCConfigurationList;
			buildConfigurations = (
				B1D61A78291E29EA00524124 /* Debug */,
				B1D61A79291E29EA00524124 /* Release */,
			);
			defaultConfigurationIsVisible = 0;
			defaultConfigurationName = Release;
		};
		B1D61A7A291E29EA00524124 /* Build configuration list for PBXNativeTarget "MovieList" */ = {
			isa = XCConfigurationList;
			buildConfigurations = (
				B1D61A7B291E29EA00524124 /* Debug */,
				B1D61A7C291E29EA00524124 /* Release */,
			);
			defaultConfigurationIsVisible = 0;
			defaultConfigurationName = Release;
		};
/* End XCConfigurationList section */
	};
	rootObject = B1D61A5E291E29E900524124 /* Project object */;
}
